// !$*UTF8*$!
{
	archiveVersion = 1;
	classes = {
	};
	objectVersion = 56;
	objects = {

/* Begin PBXBuildFile section */
		880D074728F1CDE100DE066D /* MeetingHeaderView.swift in Sources */ = {isa = PBXBuildFile; fileRef = 880D074628F1CDE100DE066D /* MeetingHeaderView.swift */; };
		880D074928F1D70C00DE066D /* ScrumProgressViewStyle.swift in Sources */ = {isa = PBXBuildFile; fileRef = 880D074828F1D70C00DE066D /* ScrumProgressViewStyle.swift */; };
		880D074B28F22A8100DE066D /* ScrumTimer.swift in Sources */ = {isa = PBXBuildFile; fileRef = 880D074A28F22A8100DE066D /* ScrumTimer.swift */; };
		880D074D28F2DAD000DE066D /* MeetingFooterView.swift in Sources */ = {isa = PBXBuildFile; fileRef = 880D074C28F2DAD000DE066D /* MeetingFooterView.swift */; };
		880D074F28F4B6CD00DE066D /* AVPlayer+Ding.swift in Sources */ = {isa = PBXBuildFile; fileRef = 880D074E28F4B6CD00DE066D /* AVPlayer+Ding.swift */; };
		880D075328F4BBBE00DE066D /* ding.wav in Resources */ = {isa = PBXBuildFile; fileRef = 880D075228F4BBBE00DE066D /* ding.wav */; };
		888678B628E7880600A4466F /* ScrumdingerApp.swift in Sources */ = {isa = PBXBuildFile; fileRef = 888678B528E7880600A4466F /* ScrumdingerApp.swift */; };
		888678B828E7880600A4466F /* MeetingView.swift in Sources */ = {isa = PBXBuildFile; fileRef = 888678B728E7880600A4466F /* MeetingView.swift */; };
		888678BA28E7880800A4466F /* Assets.xcassets in Resources */ = {isa = PBXBuildFile; fileRef = 888678B928E7880800A4466F /* Assets.xcassets */; };
		888678BD28E7880800A4466F /* Preview Assets.xcassets in Resources */ = {isa = PBXBuildFile; fileRef = 888678BC28E7880800A4466F /* Preview Assets.xcassets */; };
		888678C728E7880800A4466F /* ScrumdingerTests.swift in Sources */ = {isa = PBXBuildFile; fileRef = 888678C628E7880800A4466F /* ScrumdingerTests.swift */; };
		888678D128E7880800A4466F /* ScrumdingerUITests.swift in Sources */ = {isa = PBXBuildFile; fileRef = 888678D028E7880800A4466F /* ScrumdingerUITests.swift */; };
		888678D328E7880800A4466F /* ScrumdingerUITestsLaunchTests.swift in Sources */ = {isa = PBXBuildFile; fileRef = 888678D228E7880800A4466F /* ScrumdingerUITestsLaunchTests.swift */; };
		888678E128E7917500A4466F /* Theme.swift in Sources */ = {isa = PBXBuildFile; fileRef = 888678E028E7917500A4466F /* Theme.swift */; };
		888678E328E7921E00A4466F /* DailyScrum.swift in Sources */ = {isa = PBXBuildFile; fileRef = 888678E228E7921E00A4466F /* DailyScrum.swift */; };
		888678E528E795A200A4466F /* CardView.swift in Sources */ = {isa = PBXBuildFile; fileRef = 888678E428E795A200A4466F /* CardView.swift */; };
		888678E728E79D1200A4466F /* TrailingIconLabelStyle.swift in Sources */ = {isa = PBXBuildFile; fileRef = 888678E628E79D1200A4466F /* TrailingIconLabelStyle.swift */; };
		888678E928E7A07E00A4466F /* ScrumsView.swift in Sources */ = {isa = PBXBuildFile; fileRef = 888678E828E7A07E00A4466F /* ScrumsView.swift */; };
		888678EB28E889E600A4466F /* DetailView.swift in Sources */ = {isa = PBXBuildFile; fileRef = 888678EA28E889E600A4466F /* DetailView.swift */; };
		888678ED28E99B7000A4466F /* DetailEditView.swift in Sources */ = {isa = PBXBuildFile; fileRef = 888678EC28E99B7000A4466F /* DetailEditView.swift */; };
		888678EF28EB75CE00A4466F /* ThemeView.swift in Sources */ = {isa = PBXBuildFile; fileRef = 888678EE28EB75CE00A4466F /* ThemeView.swift */; };
		888678F128EB7B5000A4466F /* ThemePicker.swift in Sources */ = {isa = PBXBuildFile; fileRef = 888678F028EB7B5000A4466F /* ThemePicker.swift */; };
/* End PBXBuildFile section */

/* Begin PBXContainerItemProxy section */
		888678C328E7880800A4466F /* PBXContainerItemProxy */ = {
			isa = PBXContainerItemProxy;
			containerPortal = 888678AA28E7880600A4466F /* Project object */;
			proxyType = 1;
			remoteGlobalIDString = 888678B128E7880600A4466F;
			remoteInfo = Scrumdinger;
		};
		888678CD28E7880800A4466F /* PBXContainerItemProxy */ = {
			isa = PBXContainerItemProxy;
			containerPortal = 888678AA28E7880600A4466F /* Project object */;
			proxyType = 1;
			remoteGlobalIDString = 888678B128E7880600A4466F;
			remoteInfo = Scrumdinger;
		};
/* End PBXContainerItemProxy section */

/* Begin PBXFileReference section */
		880D074628F1CDE100DE066D /* MeetingHeaderView.swift */ = {isa = PBXFileReference; lastKnownFileType = sourcecode.swift; path = MeetingHeaderView.swift; sourceTree = "<group>"; };
		880D074828F1D70C00DE066D /* ScrumProgressViewStyle.swift */ = {isa = PBXFileReference; fileEncoding = 4; lastKnownFileType = sourcecode.swift; path = ScrumProgressViewStyle.swift; sourceTree = "<group>"; };
		880D074A28F22A8100DE066D /* ScrumTimer.swift */ = {isa = PBXFileReference; lastKnownFileType = sourcecode.swift; path = ScrumTimer.swift; sourceTree = "<group>"; };
		880D074C28F2DAD000DE066D /* MeetingFooterView.swift */ = {isa = PBXFileReference; lastKnownFileType = sourcecode.swift; path = MeetingFooterView.swift; sourceTree = "<group>"; };
		880D074E28F4B6CD00DE066D /* AVPlayer+Ding.swift */ = {isa = PBXFileReference; fileEncoding = 4; lastKnownFileType = sourcecode.swift; path = "AVPlayer+Ding.swift"; sourceTree = "<group>"; };
		880D075228F4BBBE00DE066D /* ding.wav */ = {isa = PBXFileReference; lastKnownFileType = audio.wav; path = ding.wav; sourceTree = "<group>"; };
		888678B228E7880600A4466F /* Scrumdinger.app */ = {isa = PBXFileReference; explicitFileType = wrapper.application; includeInIndex = 0; path = Scrumdinger.app; sourceTree = BUILT_PRODUCTS_DIR; };
		888678B528E7880600A4466F /* ScrumdingerApp.swift */ = {isa = PBXFileReference; lastKnownFileType = sourcecode.swift; path = ScrumdingerApp.swift; sourceTree = "<group>"; };
		888678B728E7880600A4466F /* MeetingView.swift */ = {isa = PBXFileReference; lastKnownFileType = sourcecode.swift; path = MeetingView.swift; sourceTree = "<group>"; usesTabs = 0; };
		888678B928E7880800A4466F /* Assets.xcassets */ = {isa = PBXFileReference; lastKnownFileType = folder.assetcatalog; path = Assets.xcassets; sourceTree = "<group>"; };
		888678BC28E7880800A4466F /* Preview Assets.xcassets */ = {isa = PBXFileReference; lastKnownFileType = folder.assetcatalog; path = "Preview Assets.xcassets"; sourceTree = "<group>"; };
		888678C228E7880800A4466F /* ScrumdingerTests.xctest */ = {isa = PBXFileReference; explicitFileType = wrapper.cfbundle; includeInIndex = 0; path = ScrumdingerTests.xctest; sourceTree = BUILT_PRODUCTS_DIR; };
		888678C628E7880800A4466F /* ScrumdingerTests.swift */ = {isa = PBXFileReference; lastKnownFileType = sourcecode.swift; path = ScrumdingerTests.swift; sourceTree = "<group>"; };
		888678CC28E7880800A4466F /* ScrumdingerUITests.xctest */ = {isa = PBXFileReference; explicitFileType = wrapper.cfbundle; includeInIndex = 0; path = ScrumdingerUITests.xctest; sourceTree = BUILT_PRODUCTS_DIR; };
		888678D028E7880800A4466F /* ScrumdingerUITests.swift */ = {isa = PBXFileReference; lastKnownFileType = sourcecode.swift; path = ScrumdingerUITests.swift; sourceTree = "<group>"; };
		888678D228E7880800A4466F /* ScrumdingerUITestsLaunchTests.swift */ = {isa = PBXFileReference; lastKnownFileType = sourcecode.swift; path = ScrumdingerUITestsLaunchTests.swift; sourceTree = "<group>"; };
		888678E028E7917500A4466F /* Theme.swift */ = {isa = PBXFileReference; lastKnownFileType = sourcecode.swift; path = Theme.swift; sourceTree = "<group>"; };
		888678E228E7921E00A4466F /* DailyScrum.swift */ = {isa = PBXFileReference; lastKnownFileType = sourcecode.swift; path = DailyScrum.swift; sourceTree = "<group>"; };
		888678E428E795A200A4466F /* CardView.swift */ = {isa = PBXFileReference; lastKnownFileType = sourcecode.swift; path = CardView.swift; sourceTree = "<group>"; };
		888678E628E79D1200A4466F /* TrailingIconLabelStyle.swift */ = {isa = PBXFileReference; lastKnownFileType = sourcecode.swift; path = TrailingIconLabelStyle.swift; sourceTree = "<group>"; };
		888678E828E7A07E00A4466F /* ScrumsView.swift */ = {isa = PBXFileReference; lastKnownFileType = sourcecode.swift; path = ScrumsView.swift; sourceTree = "<group>"; };
		888678EA28E889E600A4466F /* DetailView.swift */ = {isa = PBXFileReference; lastKnownFileType = sourcecode.swift; path = DetailView.swift; sourceTree = "<group>"; };
		888678EC28E99B7000A4466F /* DetailEditView.swift */ = {isa = PBXFileReference; lastKnownFileType = sourcecode.swift; path = DetailEditView.swift; sourceTree = "<group>"; };
		888678EE28EB75CE00A4466F /* ThemeView.swift */ = {isa = PBXFileReference; lastKnownFileType = sourcecode.swift; path = ThemeView.swift; sourceTree = "<group>"; };
		888678F028EB7B5000A4466F /* ThemePicker.swift */ = {isa = PBXFileReference; lastKnownFileType = sourcecode.swift; path = ThemePicker.swift; sourceTree = "<group>"; };
/* End PBXFileReference section */

/* Begin PBXFrameworksBuildPhase section */
		888678AF28E7880600A4466F /* Frameworks */ = {
			isa = PBXFrameworksBuildPhase;
			buildActionMask = 2147483647;
			files = (
			);
			runOnlyForDeploymentPostprocessing = 0;
		};
		888678BF28E7880800A4466F /* Frameworks */ = {
			isa = PBXFrameworksBuildPhase;
			buildActionMask = 2147483647;
			files = (
			);
			runOnlyForDeploymentPostprocessing = 0;
		};
		888678C928E7880800A4466F /* Frameworks */ = {
			isa = PBXFrameworksBuildPhase;
			buildActionMask = 2147483647;
			files = (
			);
			runOnlyForDeploymentPostprocessing = 0;
		};
/* End PBXFrameworksBuildPhase section */

/* Begin PBXGroup section */
		880D075028F4B72500DE066D /* Resources */ = {
			isa = PBXGroup;
			children = (
				880D075228F4BBBE00DE066D /* ding.wav */,
			);
			path = Resources;
			sourceTree = "<group>";
		};
		888678A928E7880600A4466F = {
			isa = PBXGroup;
			children = (
				888678B428E7880600A4466F /* Scrumdinger */,
				888678C528E7880800A4466F /* ScrumdingerTests */,
				888678CF28E7880800A4466F /* ScrumdingerUITests */,
				888678B328E7880600A4466F /* Products */,
			);
			sourceTree = "<group>";
		};
		888678B328E7880600A4466F /* Products */ = {
			isa = PBXGroup;
			children = (
				888678B228E7880600A4466F /* Scrumdinger.app */,
				888678C228E7880800A4466F /* ScrumdingerTests.xctest */,
				888678CC28E7880800A4466F /* ScrumdingerUITests.xctest */,
			);
			name = Products;
			sourceTree = "<group>";
		};
		888678B428E7880600A4466F /* Scrumdinger */ = {
			isa = PBXGroup;
			children = (
				880D075028F4B72500DE066D /* Resources */,
				888678DF28E7914600A4466F /* Models */,
				888678B528E7880600A4466F /* ScrumdingerApp.swift */,
				880D074828F1D70C00DE066D /* ScrumProgressViewStyle.swift */,
				888678EC28E99B7000A4466F /* DetailEditView.swift */,
				888678EA28E889E600A4466F /* DetailView.swift */,
				888678EE28EB75CE00A4466F /* ThemeView.swift */,
				888678F028EB7B5000A4466F /* ThemePicker.swift */,
				888678E628E79D1200A4466F /* TrailingIconLabelStyle.swift */,
				888678E428E795A200A4466F /* CardView.swift */,
				888678E828E7A07E00A4466F /* ScrumsView.swift */,
				888678B728E7880600A4466F /* MeetingView.swift */,
				880D074628F1CDE100DE066D /* MeetingHeaderView.swift */,
				880D074C28F2DAD000DE066D /* MeetingFooterView.swift */,
				888678B928E7880800A4466F /* Assets.xcassets */,
				888678BB28E7880800A4466F /* Preview Content */,
			);
			path = Scrumdinger;
			sourceTree = "<group>";
		};
		888678BB28E7880800A4466F /* Preview Content */ = {
			isa = PBXGroup;
			children = (
				888678BC28E7880800A4466F /* Preview Assets.xcassets */,
			);
			path = "Preview Content";
			sourceTree = "<group>";
		};
		888678C528E7880800A4466F /* ScrumdingerTests */ = {
			isa = PBXGroup;
			children = (
				888678C628E7880800A4466F /* ScrumdingerTests.swift */,
			);
			path = ScrumdingerTests;
			sourceTree = "<group>";
		};
		888678CF28E7880800A4466F /* ScrumdingerUITests */ = {
			isa = PBXGroup;
			children = (
				888678D028E7880800A4466F /* ScrumdingerUITests.swift */,
				888678D228E7880800A4466F /* ScrumdingerUITestsLaunchTests.swift */,
			);
			path = ScrumdingerUITests;
			sourceTree = "<group>";
		};
		888678DF28E7914600A4466F /* Models */ = {
			isa = PBXGroup;
			children = (
				880D074E28F4B6CD00DE066D /* AVPlayer+Ding.swift */,
				888678E028E7917500A4466F /* Theme.swift */,
				888678E228E7921E00A4466F /* DailyScrum.swift */,
				880D074A28F22A8100DE066D /* ScrumTimer.swift */,
			);
			path = Models;
			sourceTree = "<group>";
		};
/* End PBXGroup section */

/* Begin PBXNativeTarget section */
		888678B128E7880600A4466F /* Scrumdinger */ = {
			isa = PBXNativeTarget;
			buildConfigurationList = 888678D628E7880800A4466F /* Build configuration list for PBXNativeTarget "Scrumdinger" */;
			buildPhases = (
				888678AE28E7880600A4466F /* Sources */,
				888678AF28E7880600A4466F /* Frameworks */,
				888678B028E7880600A4466F /* Resources */,
			);
			buildRules = (
			);
			dependencies = (
			);
			name = Scrumdinger;
			productName = Scrumdinger;
			productReference = 888678B228E7880600A4466F /* Scrumdinger.app */;
			productType = "com.apple.product-type.application";
		};
		888678C128E7880800A4466F /* ScrumdingerTests */ = {
			isa = PBXNativeTarget;
			buildConfigurationList = 888678D928E7880800A4466F /* Build configuration list for PBXNativeTarget "ScrumdingerTests" */;
			buildPhases = (
				888678BE28E7880800A4466F /* Sources */,
				888678BF28E7880800A4466F /* Frameworks */,
				888678C028E7880800A4466F /* Resources */,
			);
			buildRules = (
			);
			dependencies = (
				888678C428E7880800A4466F /* PBXTargetDependency */,
			);
			name = ScrumdingerTests;
			productName = ScrumdingerTests;
			productReference = 888678C228E7880800A4466F /* ScrumdingerTests.xctest */;
			productType = "com.apple.product-type.bundle.unit-test";
		};
		888678CB28E7880800A4466F /* ScrumdingerUITests */ = {
			isa = PBXNativeTarget;
			buildConfigurationList = 888678DC28E7880800A4466F /* Build configuration list for PBXNativeTarget "ScrumdingerUITests" */;
			buildPhases = (
				888678C828E7880800A4466F /* Sources */,
				888678C928E7880800A4466F /* Frameworks */,
				888678CA28E7880800A4466F /* Resources */,
			);
			buildRules = (
			);
			dependencies = (
				888678CE28E7880800A4466F /* PBXTargetDependency */,
			);
			name = ScrumdingerUITests;
			productName = ScrumdingerUITests;
			productReference = 888678CC28E7880800A4466F /* ScrumdingerUITests.xctest */;
			productType = "com.apple.product-type.bundle.ui-testing";
		};
/* End PBXNativeTarget section */

/* Begin PBXProject section */
		888678AA28E7880600A4466F /* Project object */ = {
			isa = PBXProject;
			attributes = {
				BuildIndependentTargetsInParallel = 1;
				LastSwiftUpdateCheck = 1400;
				LastUpgradeCheck = 1400;
				TargetAttributes = {
					888678B128E7880600A4466F = {
						CreatedOnToolsVersion = 14.0;
					};
					888678C128E7880800A4466F = {
						CreatedOnToolsVersion = 14.0;
						TestTargetID = 888678B128E7880600A4466F;
					};
					888678CB28E7880800A4466F = {
						CreatedOnToolsVersion = 14.0;
						TestTargetID = 888678B128E7880600A4466F;
					};
				};
			};
			buildConfigurationList = 888678AD28E7880600A4466F /* Build configuration list for PBXProject "Scrumdinger" */;
			compatibilityVersion = "Xcode 14.0";
			developmentRegion = en;
			hasScannedForEncodings = 0;
			knownRegions = (
				en,
				Base,
			);
			mainGroup = 888678A928E7880600A4466F;
			productRefGroup = 888678B328E7880600A4466F /* Products */;
			projectDirPath = "";
			projectRoot = "";
			targets = (
				888678B128E7880600A4466F /* Scrumdinger */,
				888678C128E7880800A4466F /* ScrumdingerTests */,
				888678CB28E7880800A4466F /* ScrumdingerUITests */,
			);
		};
/* End PBXProject section */

/* Begin PBXResourcesBuildPhase section */
		888678B028E7880600A4466F /* Resources */ = {
			isa = PBXResourcesBuildPhase;
			buildActionMask = 2147483647;
			files = (
				880D075328F4BBBE00DE066D /* ding.wav in Resources */,
				888678BD28E7880800A4466F /* Preview Assets.xcassets in Resources */,
				888678BA28E7880800A4466F /* Assets.xcassets in Resources */,
			);
			runOnlyForDeploymentPostprocessing = 0;
		};
		888678C028E7880800A4466F /* Resources */ = {
			isa = PBXResourcesBuildPhase;
			buildActionMask = 2147483647;
			files = (
			);
			runOnlyForDeploymentPostprocessing = 0;
		};
		888678CA28E7880800A4466F /* Resources */ = {
			isa = PBXResourcesBuildPhase;
			buildActionMask = 2147483647;
			files = (
			);
			runOnlyForDeploymentPostprocessing = 0;
		};
/* End PBXResourcesBuildPhase section */

/* Begin PBXSourcesBuildPhase section */
		888678AE28E7880600A4466F /* Sources */ = {
			isa = PBXSourcesBuildPhase;
			buildActionMask = 2147483647;
			files = (
				888678F128EB7B5000A4466F /* ThemePicker.swift in Sources */,
				880D074928F1D70C00DE066D /* ScrumProgressViewStyle.swift in Sources */,
				880D074D28F2DAD000DE066D /* MeetingFooterView.swift in Sources */,
				880D074B28F22A8100DE066D /* ScrumTimer.swift in Sources */,
				888678E328E7921E00A4466F /* DailyScrum.swift in Sources */,
				888678EB28E889E600A4466F /* DetailView.swift in Sources */,
				880D074728F1CDE100DE066D /* MeetingHeaderView.swift in Sources */,
				888678ED28E99B7000A4466F /* DetailEditView.swift in Sources */,
				888678E728E79D1200A4466F /* TrailingIconLabelStyle.swift in Sources */,
				888678E128E7917500A4466F /* Theme.swift in Sources */,
				888678E928E7A07E00A4466F /* ScrumsView.swift in Sources */,
				888678B828E7880600A4466F /* MeetingView.swift in Sources */,
				888678B628E7880600A4466F /* ScrumdingerApp.swift in Sources */,
				888678EF28EB75CE00A4466F /* ThemeView.swift in Sources */,
				888678E528E795A200A4466F /* CardView.swift in Sources */,
				880D074F28F4B6CD00DE066D /* AVPlayer+Ding.swift in Sources */,
			);
			runOnlyForDeploymentPostprocessing = 0;
		};
		888678BE28E7880800A4466F /* Sources */ = {
			isa = PBXSourcesBuildPhase;
			buildActionMask = 2147483647;
			files = (
				888678C728E7880800A4466F /* ScrumdingerTests.swift in Sources */,
			);
			runOnlyForDeploymentPostprocessing = 0;
		};
		888678C828E7880800A4466F /* Sources */ = {
			isa = PBXSourcesBuildPhase;
			buildActionMask = 2147483647;
			files = (
				888678D328E7880800A4466F /* ScrumdingerUITestsLaunchTests.swift in Sources */,
				888678D128E7880800A4466F /* ScrumdingerUITests.swift in Sources */,
			);
			runOnlyForDeploymentPostprocessing = 0;
		};
/* End PBXSourcesBuildPhase section */

/* Begin PBXTargetDependency section */
		888678C428E7880800A4466F /* PBXTargetDependency */ = {
			isa = PBXTargetDependency;
			target = 888678B128E7880600A4466F /* Scrumdinger */;
			targetProxy = 888678C328E7880800A4466F /* PBXContainerItemProxy */;
		};
		888678CE28E7880800A4466F /* PBXTargetDependency */ = {
			isa = PBXTargetDependency;
			target = 888678B128E7880600A4466F /* Scrumdinger */;
			targetProxy = 888678CD28E7880800A4466F /* PBXContainerItemProxy */;
		};
/* End PBXTargetDependency section */

/* Begin XCBuildConfiguration section */
		888678D428E7880800A4466F /* Debug */ = {
			isa = XCBuildConfiguration;
			buildSettings = {
				ALWAYS_SEARCH_USER_PATHS = NO;
				CLANG_ANALYZER_NONNULL = YES;
				CLANG_ANALYZER_NUMBER_OBJECT_CONVERSION = YES_AGGRESSIVE;
				CLANG_CXX_LANGUAGE_STANDARD = "gnu++20";
				CLANG_ENABLE_MODULES = YES;
				CLANG_ENABLE_OBJC_ARC = YES;
				CLANG_ENABLE_OBJC_WEAK = YES;
				CLANG_WARN_BLOCK_CAPTURE_AUTORELEASING = YES;
				CLANG_WARN_BOOL_CONVERSION = YES;
				CLANG_WARN_COMMA = YES;
				CLANG_WARN_CONSTANT_CONVERSION = YES;
				CLANG_WARN_DEPRECATED_OBJC_IMPLEMENTATIONS = YES;
				CLANG_WARN_DIRECT_OBJC_ISA_USAGE = YES_ERROR;
				CLANG_WARN_DOCUMENTATION_COMMENTS = YES;
				CLANG_WARN_EMPTY_BODY = YES;
				CLANG_WARN_ENUM_CONVERSION = YES;
				CLANG_WARN_INFINITE_RECURSION = YES;
				CLANG_WARN_INT_CONVERSION = YES;
				CLANG_WARN_NON_LITERAL_NULL_CONVERSION = YES;
				CLANG_WARN_OBJC_IMPLICIT_RETAIN_SELF = YES;
				CLANG_WARN_OBJC_LITERAL_CONVERSION = YES;
				CLANG_WARN_OBJC_ROOT_CLASS = YES_ERROR;
				CLANG_WARN_QUOTED_INCLUDE_IN_FRAMEWORK_HEADER = YES;
				CLANG_WARN_RANGE_LOOP_ANALYSIS = YES;
				CLANG_WARN_STRICT_PROTOTYPES = YES;
				CLANG_WARN_SUSPICIOUS_MOVE = YES;
				CLANG_WARN_UNGUARDED_AVAILABILITY = YES_AGGRESSIVE;
				CLANG_WARN_UNREACHABLE_CODE = YES;
				CLANG_WARN__DUPLICATE_METHOD_MATCH = YES;
				COPY_PHASE_STRIP = NO;
				DEBUG_INFORMATION_FORMAT = dwarf;
				ENABLE_STRICT_OBJC_MSGSEND = YES;
				ENABLE_TESTABILITY = YES;
				GCC_C_LANGUAGE_STANDARD = gnu11;
				GCC_DYNAMIC_NO_PIC = NO;
				GCC_NO_COMMON_BLOCKS = YES;
				GCC_OPTIMIZATION_LEVEL = 0;
				GCC_PREPROCESSOR_DEFINITIONS = (
					"DEBUG=1",
					"$(inherited)",
				);
				GCC_WARN_64_TO_32_BIT_CONVERSION = YES;
				GCC_WARN_ABOUT_RETURN_TYPE = YES_ERROR;
				GCC_WARN_UNDECLARED_SELECTOR = YES;
				GCC_WARN_UNINITIALIZED_AUTOS = YES_AGGRESSIVE;
				GCC_WARN_UNUSED_FUNCTION = YES;
				GCC_WARN_UNUSED_VARIABLE = YES;
				IPHONEOS_DEPLOYMENT_TARGET = 16.0;
				MTL_ENABLE_DEBUG_INFO = INCLUDE_SOURCE;
				MTL_FAST_MATH = YES;
				ONLY_ACTIVE_ARCH = YES;
				SDKROOT = iphoneos;
				SWIFT_ACTIVE_COMPILATION_CONDITIONS = DEBUG;
				SWIFT_OPTIMIZATION_LEVEL = "-Onone";
			};
			name = Debug;
		};
		888678D528E7880800A4466F /* Release */ = {
			isa = XCBuildConfiguration;
			buildSettings = {
				ALWAYS_SEARCH_USER_PATHS = NO;
				CLANG_ANALYZER_NONNULL = YES;
				CLANG_ANALYZER_NUMBER_OBJECT_CONVERSION = YES_AGGRESSIVE;
				CLANG_CXX_LANGUAGE_STANDARD = "gnu++20";
				CLANG_ENABLE_MODULES = YES;
				CLANG_ENABLE_OBJC_ARC = YES;
				CLANG_ENABLE_OBJC_WEAK = YES;
				CLANG_WARN_BLOCK_CAPTURE_AUTORELEASING = YES;
				CLANG_WARN_BOOL_CONVERSION = YES;
				CLANG_WARN_COMMA = YES;
				CLANG_WARN_CONSTANT_CONVERSION = YES;
				CLANG_WARN_DEPRECATED_OBJC_IMPLEMENTATIONS = YES;
				CLANG_WARN_DIRECT_OBJC_ISA_USAGE = YES_ERROR;
				CLANG_WARN_DOCUMENTATION_COMMENTS = YES;
				CLANG_WARN_EMPTY_BODY = YES;
				CLANG_WARN_ENUM_CONVERSION = YES;
				CLANG_WARN_INFINITE_RECURSION = YES;
				CLANG_WARN_INT_CONVERSION = YES;
				CLANG_WARN_NON_LITERAL_NULL_CONVERSION = YES;
				CLANG_WARN_OBJC_IMPLICIT_RETAIN_SELF = YES;
				CLANG_WARN_OBJC_LITERAL_CONVERSION = YES;
				CLANG_WARN_OBJC_ROOT_CLASS = YES_ERROR;
				CLANG_WARN_QUOTED_INCLUDE_IN_FRAMEWORK_HEADER = YES;
				CLANG_WARN_RANGE_LOOP_ANALYSIS = YES;
				CLANG_WARN_STRICT_PROTOTYPES = YES;
				CLANG_WARN_SUSPICIOUS_MOVE = YES;
				CLANG_WARN_UNGUARDED_AVAILABILITY = YES_AGGRESSIVE;
				CLANG_WARN_UNREACHABLE_CODE = YES;
				CLANG_WARN__DUPLICATE_METHOD_MATCH = YES;
				COPY_PHASE_STRIP = NO;
				DEBUG_INFORMATION_FORMAT = "dwarf-with-dsym";
				ENABLE_NS_ASSERTIONS = NO;
				ENABLE_STRICT_OBJC_MSGSEND = YES;
				GCC_C_LANGUAGE_STANDARD = gnu11;
				GCC_NO_COMMON_BLOCKS = YES;
				GCC_WARN_64_TO_32_BIT_CONVERSION = YES;
				GCC_WARN_ABOUT_RETURN_TYPE = YES_ERROR;
				GCC_WARN_UNDECLARED_SELECTOR = YES;
				GCC_WARN_UNINITIALIZED_AUTOS = YES_AGGRESSIVE;
				GCC_WARN_UNUSED_FUNCTION = YES;
				GCC_WARN_UNUSED_VARIABLE = YES;
				IPHONEOS_DEPLOYMENT_TARGET = 16.0;
				MTL_ENABLE_DEBUG_INFO = NO;
				MTL_FAST_MATH = YES;
				SDKROOT = iphoneos;
				SWIFT_COMPILATION_MODE = wholemodule;
				SWIFT_OPTIMIZATION_LEVEL = "-O";
				VALIDATE_PRODUCT = YES;
			};
			name = Release;
		};
		888678D728E7880800A4466F /* Debug */ = {
			isa = XCBuildConfiguration;
			buildSettings = {
				ASSETCATALOG_COMPILER_APPICON_NAME = AppIcon;
				ASSETCATALOG_COMPILER_GLOBAL_ACCENT_COLOR_NAME = AccentColor;
				CODE_SIGN_STYLE = Automatic;
				CURRENT_PROJECT_VERSION = 1;
				DEVELOPMENT_ASSET_PATHS = "\"Scrumdinger/Preview Content\"";
				DEVELOPMENT_TEAM = J2R9272WYX;
				ENABLE_PREVIEWS = YES;
				GENERATE_INFOPLIST_FILE = YES;
				INFOPLIST_KEY_UIApplicationSceneManifest_Generation = YES;
				INFOPLIST_KEY_UIApplicationSupportsIndirectInputEvents = YES;
				INFOPLIST_KEY_UILaunchScreen_Generation = YES;
				INFOPLIST_KEY_UISupportedInterfaceOrientations_iPad = "UIInterfaceOrientationPortrait UIInterfaceOrientationPortraitUpsideDown UIInterfaceOrientationLandscapeLeft UIInterfaceOrientationLandscapeRight";
				INFOPLIST_KEY_UISupportedInterfaceOrientations_iPhone = "UIInterfaceOrientationPortrait UIInterfaceOrientationLandscapeLeft UIInterfaceOrientationLandscapeRight";
				LD_RUNPATH_SEARCH_PATHS = (
					"$(inherited)",
					"@executable_path/Frameworks",
				);
				MARKETING_VERSION = 1.0;
				PRODUCT_BUNDLE_IDENTIFIER = tyfoan.Scrumdinger;
				PRODUCT_NAME = "$(TARGET_NAME)";
				SWIFT_EMIT_LOC_STRINGS = YES;
				SWIFT_VERSION = 5.0;
				TARGETED_DEVICE_FAMILY = "1,2";
			};
			name = Debug;
		};
		888678D828E7880800A4466F /* Release */ = {
			isa = XCBuildConfiguration;
			buildSettings = {
				ASSETCATALOG_COMPILER_APPICON_NAME = AppIcon;
				ASSETCATALOG_COMPILER_GLOBAL_ACCENT_COLOR_NAME = AccentColor;
				CODE_SIGN_STYLE = Automatic;
				CURRENT_PROJECT_VERSION = 1;
				DEVELOPMENT_ASSET_PATHS = "\"Scrumdinger/Preview Content\"";
				DEVELOPMENT_TEAM = J2R9272WYX;
				ENABLE_PREVIEWS = YES;
				GENERATE_INFOPLIST_FILE = YES;
				INFOPLIST_KEY_UIApplicationSceneManifest_Generation = YES;
				INFOPLIST_KEY_UIApplicationSupportsIndirectInputEvents = YES;
				INFOPLIST_KEY_UILaunchScreen_Generation = YES;
				INFOPLIST_KEY_UISupportedInterfaceOrientations_iPad = "UIInterfaceOrientationPortrait UIInterfaceOrientationPortraitUpsideDown UIInterfaceOrientationLandscapeLeft UIInterfaceOrientationLandscapeRight";
				INFOPLIST_KEY_UISupportedInterfaceOrientations_iPhone = "UIInterfaceOrientationPortrait UIInterfaceOrientationLandscapeLeft UIInterfaceOrientationLandscapeRight";
				LD_RUNPATH_SEARCH_PATHS = (
					"$(inherited)",
					"@executable_path/Frameworks",
				);
				MARKETING_VERSION = 1.0;
				PRODUCT_BUNDLE_IDENTIFIER = tyfoan.Scrumdinger;
				PRODUCT_NAME = "$(TARGET_NAME)";
				SWIFT_EMIT_LOC_STRINGS = YES;
				SWIFT_VERSION = 5.0;
				TARGETED_DEVICE_FAMILY = "1,2";
			};
			name = Release;
		};
		888678DA28E7880800A4466F /* Debug */ = {
			isa = XCBuildConfiguration;
			buildSettings = {
				ALWAYS_EMBED_SWIFT_STANDARD_LIBRARIES = YES;
				BUNDLE_LOADER = "$(TEST_HOST)";
				CODE_SIGN_STYLE = Automatic;
				CURRENT_PROJECT_VERSION = 1;
				DEVELOPMENT_TEAM = J2R9272WYX;
				GENERATE_INFOPLIST_FILE = YES;
				IPHONEOS_DEPLOYMENT_TARGET = 16.0;
				MARKETING_VERSION = 1.0;
				PRODUCT_BUNDLE_IDENTIFIER = tyfoan.ScrumdingerTests;
				PRODUCT_NAME = "$(TARGET_NAME)";
				SWIFT_EMIT_LOC_STRINGS = NO;
				SWIFT_VERSION = 5.0;
				TARGETED_DEVICE_FAMILY = "1,2";
				TEST_HOST = "$(BUILT_PRODUCTS_DIR)/Scrumdinger.app/$(BUNDLE_EXECUTABLE_FOLDER_PATH)/Scrumdinger";
			};
			name = Debug;
		};
		888678DB28E7880800A4466F /* Release */ = {
			isa = XCBuildConfiguration;
			buildSettings = {
				ALWAYS_EMBED_SWIFT_STANDARD_LIBRARIES = YES;
				BUNDLE_LOADER = "$(TEST_HOST)";
				CODE_SIGN_STYLE = Automatic;
				CURRENT_PROJECT_VERSION = 1;
				DEVELOPMENT_TEAM = J2R9272WYX;
				GENERATE_INFOPLIST_FILE = YES;
				IPHONEOS_DEPLOYMENT_TARGET = 16.0;
				MARKETING_VERSION = 1.0;
				PRODUCT_BUNDLE_IDENTIFIER = tyfoan.ScrumdingerTests;
				PRODUCT_NAME = "$(TARGET_NAME)";
				SWIFT_EMIT_LOC_STRINGS = NO;
				SWIFT_VERSION = 5.0;
				TARGETED_DEVICE_FAMILY = "1,2";
				TEST_HOST = "$(BUILT_PRODUCTS_DIR)/Scrumdinger.app/$(BUNDLE_EXECUTABLE_FOLDER_PATH)/Scrumdinger";
			};
			name = Release;
		};
		888678DD28E7880800A4466F /* Debug */ = {
			isa = XCBuildConfiguration;
			buildSettings = {
				ALWAYS_EMBED_SWIFT_STANDARD_LIBRARIES = YES;
				CODE_SIGN_STYLE = Automatic;
				CURRENT_PROJECT_VERSION = 1;
				DEVELOPMENT_TEAM = J2R9272WYX;
				GENERATE_INFOPLIST_FILE = YES;
				MARKETING_VERSION = 1.0;
				PRODUCT_BUNDLE_IDENTIFIER = tyfoan.ScrumdingerUITests;
				PRODUCT_NAME = "$(TARGET_NAME)";
				SWIFT_EMIT_LOC_STRINGS = NO;
				SWIFT_VERSION = 5.0;
				TARGETED_DEVICE_FAMILY = "1,2";
				TEST_TARGET_NAME = Scrumdinger;
			};
			name = Debug;
		};
		888678DE28E7880800A4466F /* Release */ = {
			isa = XCBuildConfiguration;
			buildSettings = {
				ALWAYS_EMBED_SWIFT_STANDARD_LIBRARIES = YES;
				CODE_SIGN_STYLE = Automatic;
				CURRENT_PROJECT_VERSION = 1;
				DEVELOPMENT_TEAM = J2R9272WYX;
				GENERATE_INFOPLIST_FILE = YES;
				MARKETING_VERSION = 1.0;
				PRODUCT_BUNDLE_IDENTIFIER = tyfoan.ScrumdingerUITests;
				PRODUCT_NAME = "$(TARGET_NAME)";
				SWIFT_EMIT_LOC_STRINGS = NO;
				SWIFT_VERSION = 5.0;
				TARGETED_DEVICE_FAMILY = "1,2";
				TEST_TARGET_NAME = Scrumdinger;
			};
			name = Release;
		};
/* End XCBuildConfiguration section */

/* Begin XCConfigurationList section */
		888678AD28E7880600A4466F /* Build configuration list for PBXProject "Scrumdinger" */ = {
			isa = XCConfigurationList;
			buildConfigurations = (
				888678D428E7880800A4466F /* Debug */,
				888678D528E7880800A4466F /* Release */,
			);
			defaultConfigurationIsVisible = 0;
			defaultConfigurationName = Release;
		};
		888678D628E7880800A4466F /* Build configuration list for PBXNativeTarget "Scrumdinger" */ = {
			isa = XCConfigurationList;
			buildConfigurations = (
				888678D728E7880800A4466F /* Debug */,
				888678D828E7880800A4466F /* Release */,
			);
			defaultConfigurationIsVisible = 0;
			defaultConfigurationName = Release;
		};
		888678D928E7880800A4466F /* Build configuration list for PBXNativeTarget "ScrumdingerTests" */ = {
			isa = XCConfigurationList;
			buildConfigurations = (
				888678DA28E7880800A4466F /* Debug */,
				888678DB28E7880800A4466F /* Release */,
			);
			defaultConfigurationIsVisible = 0;
			defaultConfigurationName = Release;
		};
		888678DC28E7880800A4466F /* Build configuration list for PBXNativeTarget "ScrumdingerUITests" */ = {
			isa = XCConfigurationList;
			buildConfigurations = (
				888678DD28E7880800A4466F /* Debug */,
				888678DE28E7880800A4466F /* Release */,
			);
			defaultConfigurationIsVisible = 0;
			defaultConfigurationName = Release;
		};
/* End XCConfigurationList section */
	};
	rootObject = 888678AA28E7880600A4466F /* Project object */;
}
